
Microsoft Visual Studio Solution File, Format Version 12.00
# Visual Studio Version 16
VisualStudioVersion = 16.0.30406.217
MinimumVisualStudioVersion = 10.0.40219.1
Project("{8BC9CEB8-8B4A-11D0-8D11-00A0C91BC942}") = "Main", "Main\Main.vcxproj", "{7B3EEC28-15B5-4F07-B8A8-E97C45DC78A0}"
EndProject
Project("{8BC9CEB8-8B4A-11D0-8D11-00A0C91BC942}") = "Base", "Base\Base.vcxproj", "{55C88D36-2B5D-44E7-8102-44EE13C007BF}"
EndProject
Project("{8BC9CEB8-8B4A-11D0-8D11-00A0C91BC942}") = "Engine", "Engine\Engine.vcxproj", "{150998A8-1A1D-41A6-8D95-61550ABDB52C}"
EndProject
Project("{8BC9CEB8-8B4A-11D0-8D11-00A0C91BC942}") = "EngineTest", "EngineTest\EngineTest.vcxproj", "{93FF8888-083A-43CC-AB34-DFD659E7E284}"
EndProject
Global
	GlobalSection(SolutionConfigurationPlatforms) = preSolution
		Debug|x64 = Debug|x64
		Debug|x86 = Debug|x86
		Release|x64 = Release|x64
		Release|x86 = Release|x86
	EndGlobalSection
	GlobalSection(ProjectConfigurationPlatforms) = postSolution
		{7B3EEC28-15B5-4F07-B8A8-E97C45DC78A0}.Debug|x64.ActiveCfg = Debug|x64
		{7B3EEC28-15B5-4F07-B8A8-E97C45DC78A0}.Debug|x64.Build.0 = Debug|x64
		{7B3EEC28-15B5-4F07-B8A8-E97C45DC78A0}.Debug|x86.ActiveCfg = Debug|Win32
		{7B3EEC28-15B5-4F07-B8A8-E97C45DC78A0}.Debug|x86.Build.0 = Debug|Win32
		{7B3EEC28-15B5-4F07-B8A8-E97C45DC78A0}.Release|x64.ActiveCfg = Release|x64
		{7B3EEC28-15B5-4F07-B8A8-E97C45DC78A0}.Release|x64.Build.0 = Release|x64
		{7B3EEC28-15B5-4F07-B8A8-E97C45DC78A0}.Release|x86.ActiveCfg = Release|Win32
		{7B3EEC28-15B5-4F07-B8A8-E97C45DC78A0}.Release|x86.Build.0 = Release|Win32
		{55C88D36-2B5D-44E7-8102-44EE13C007BF}.Debug|x64.ActiveCfg = Debug|x64
		{55C88D36-2B5D-44E7-8102-44EE13C007BF}.Debug|x64.Build.0 = Debug|x64
		{55C88D36-2B5D-44E7-8102-44EE13C007BF}.Debug|x86.ActiveCfg = Debug|Win32
		{55C88D36-2B5D-44E7-8102-44EE13C007BF}.Debug|x86.Build.0 = Debug|Win32
		{55C88D36-2B5D-44E7-8102-44EE13C007BF}.Release|x64.ActiveCfg = Release|x64
		{55C88D36-2B5D-44E7-8102-44EE13C007BF}.Release|x64.Build.0 = Release|x64
		{55C88D36-2B5D-44E7-8102-44EE13C007BF}.Release|x86.ActiveCfg = Release|Win32
		{55C88D36-2B5D-44E7-8102-44EE13C007BF}.Release|x86.Build.0 = Release|Win32
		{150998A8-1A1D-41A6-8D95-61550ABDB52C}.Debug|x64.ActiveCfg = Debug|x64
		{150998A8-1A1D-41A6-8D95-61550ABDB52C}.Debug|x64.Build.0 = Debug|x64
		{150998A8-1A1D-41A6-8D95-61550ABDB52C}.Debug|x86.ActiveCfg = Debug|Win32
		{150998A8-1A1D-41A6-8D95-61550ABDB52C}.Debug|x86.Build.0 = Debug|Win32
		{150998A8-1A1D-41A6-8D95-61550ABDB52C}.Release|x64.ActiveCfg = Release|x64
		{150998A8-1A1D-41A6-8D95-61550ABDB52C}.Release|x64.Build.0 = Release|x64
		{150998A8-1A1D-41A6-8D95-61550ABDB52C}.Release|x86.ActiveCfg = Release|Win32
		{150998A8-1A1D-41A6-8D95-61550ABDB52C}.Release|x86.Build.0 = Release|Win32
		{93FF8888-083A-43CC-AB34-DFD659E7E284}.Debug|x64.ActiveCfg = Debug|x64
		{93FF8888-083A-43CC-AB34-DFD659E7E284}.Debug|x64.Build.0 = Debug|x64
		{93FF8888-083A-43CC-AB34-DFD659E7E284}.Debug|x86.ActiveCfg = Debug|Win32
		{93FF8888-083A-43CC-AB34-DFD659E7E284}.Debug|x86.Build.0 = Debug|Win32
		{93FF8888-083A-43CC-AB34-DFD659E7E284}.Release|x64.ActiveCfg = Release|x64
		{93FF8888-083A-43CC-AB34-DFD659E7E284}.Release|x64.Build.0 = Release|x64
		{93FF8888-083A-43CC-AB34-DFD659E7E284}.Release|x86.ActiveCfg = Release|Win32
		{93FF8888-083A-43CC-AB34-DFD659E7E284}.Release|x86.Build.0 = Release|Win32
	EndGlobalSection
	GlobalSection(SolutionProperties) = preSolution
		HideSolutionNode = FALSE
	EndGlobalSection
	GlobalSection(ExtensibilityGlobals) = postSolution
		SolutionGuid = {74BA324B-7FF7-48DB-8F70-F3B1B86CEA57}
	EndGlobalSection
EndGlobal
